// !$*UTF8*$!
{
	archiveVersion = 1;
	classes = {
	};
	objectVersion = 55;
	objects = {

/* Begin PBXBuildFile section */
		1858D23C2813DB44007BFB6B /* UIColorExtension.swift in Sources */ = {isa = PBXBuildFile; fileRef = 1858D23B2813DB44007BFB6B /* UIColorExtension.swift */; };
		1858D2422813DC3F007BFB6B /* Gordita Regular.otf in Resources */ = {isa = PBXBuildFile; fileRef = 1858D23E2813DC3E007BFB6B /* Gordita Regular.otf */; };
		1858D2432813DC3F007BFB6B /* Gordita Light.otf in Resources */ = {isa = PBXBuildFile; fileRef = 1858D23F2813DC3E007BFB6B /* Gordita Light.otf */; };
		1858D2442813DC3F007BFB6B /* Gordita Medium.otf in Resources */ = {isa = PBXBuildFile; fileRef = 1858D2402813DC3E007BFB6B /* Gordita Medium.otf */; };
		1858D2452813DC3F007BFB6B /* Gordita Bold.otf in Resources */ = {isa = PBXBuildFile; fileRef = 1858D2412813DC3F007BFB6B /* Gordita Bold.otf */; };
		1858D2472813E119007BFB6B /* UIViewExtension.swift in Sources */ = {isa = PBXBuildFile; fileRef = 1858D2462813E119007BFB6B /* UIViewExtension.swift */; };
		1858D24A2813F76B007BFB6B /* HomeVideosCell.swift in Sources */ = {isa = PBXBuildFile; fileRef = 1858D2482813F76B007BFB6B /* HomeVideosCell.swift */; };
		1858D24B2813F76B007BFB6B /* HomeVideosCell.xib in Resources */ = {isa = PBXBuildFile; fileRef = 1858D2492813F76B007BFB6B /* HomeVideosCell.xib */; };
		1858D24E2813FF2D007BFB6B /* HomeSpeakersCell.swift in Sources */ = {isa = PBXBuildFile; fileRef = 1858D24C2813FF2D007BFB6B /* HomeSpeakersCell.swift */; };
		1858D24F2813FF2D007BFB6B /* HomeSpeakersCell.xib in Resources */ = {isa = PBXBuildFile; fileRef = 1858D24D2813FF2D007BFB6B /* HomeSpeakersCell.xib */; };
		18B49FC92812BB4000360119 /* AppDelegate.swift in Sources */ = {isa = PBXBuildFile; fileRef = 18B49FC82812BB4000360119 /* AppDelegate.swift */; };
		18B49FCB2812BB4000360119 /* SceneDelegate.swift in Sources */ = {isa = PBXBuildFile; fileRef = 18B49FCA2812BB4000360119 /* SceneDelegate.swift */; };
		18B49FCD2812BB4000360119 /* HomeVC.swift in Sources */ = {isa = PBXBuildFile; fileRef = 18B49FCC2812BB4000360119 /* HomeVC.swift */; };
		18B49FD02812BB4000360119 /* Main.storyboard in Resources */ = {isa = PBXBuildFile; fileRef = 18B49FCE2812BB4000360119 /* Main.storyboard */; };
		18B49FD22812BB4200360119 /* Assets.xcassets in Resources */ = {isa = PBXBuildFile; fileRef = 18B49FD12812BB4200360119 /* Assets.xcassets */; };
		18B49FD52812BB4200360119 /* LaunchScreen.storyboard in Resources */ = {isa = PBXBuildFile; fileRef = 18B49FD32812BB4200360119 /* LaunchScreen.storyboard */; };
		18B49FDF2812C77000360119 /* R.generated.swift in Sources */ = {isa = PBXBuildFile; fileRef = 18B49FDE2812C77000360119 /* R.generated.swift */; };
		18B49FE32812CA4D00360119 /* RemoteHelper.swift in Sources */ = {isa = PBXBuildFile; fileRef = 18B49FE22812CA4D00360119 /* RemoteHelper.swift */; };
		18B49FE62812CB0D00360119 /* Constants.swift in Sources */ = {isa = PBXBuildFile; fileRef = 18B49FE52812CB0D00360119 /* Constants.swift */; };
		18B49FE82812CCD800360119 /* Remote.swift in Sources */ = {isa = PBXBuildFile; fileRef = 18B49FE72812CCD800360119 /* Remote.swift */; };
		18DBB0EE28140ABA00C91443 /* NotificationsVC.swift in Sources */ = {isa = PBXBuildFile; fileRef = 18DBB0ED28140ABA00C91443 /* NotificationsVC.swift */; };
		18DBB0F128140ACC00C91443 /* NotificationsCell.swift in Sources */ = {isa = PBXBuildFile; fileRef = 18DBB0EF28140ACC00C91443 /* NotificationsCell.swift */; };
		18DBB0F228140ACC00C91443 /* NotificationsCell.xib in Resources */ = {isa = PBXBuildFile; fileRef = 18DBB0F028140ACC00C91443 /* NotificationsCell.xib */; };
		18DBB0F528140AF200C91443 /* Other.storyboard in Resources */ = {isa = PBXBuildFile; fileRef = 18DBB0F428140AF200C91443 /* Other.storyboard */; };
		7038124A8A802E49CA91F836 /* Pods_EventApp.framework in Frameworks */ = {isa = PBXBuildFile; fileRef = 5131318B8EB25EA1553D8959 /* Pods_EventApp.framework */; };
/* End PBXBuildFile section */

/* Begin PBXFileReference section */
		16A05B1AE0EE8B5D2837B018 /* Pods-EventApp.release.xcconfig */ = {isa = PBXFileReference; includeInIndex = 1; lastKnownFileType = text.xcconfig; name = "Pods-EventApp.release.xcconfig"; path = "Target Support Files/Pods-EventApp/Pods-EventApp.release.xcconfig"; sourceTree = "<group>"; };
		1858D23B2813DB44007BFB6B /* UIColorExtension.swift */ = {isa = PBXFileReference; lastKnownFileType = sourcecode.swift; path = UIColorExtension.swift; sourceTree = "<group>"; };
		1858D23E2813DC3E007BFB6B /* Gordita Regular.otf */ = {isa = PBXFileReference; lastKnownFileType = file; path = "Gordita Regular.otf"; sourceTree = "<group>"; };
		1858D23F2813DC3E007BFB6B /* Gordita Light.otf */ = {isa = PBXFileReference; lastKnownFileType = file; path = "Gordita Light.otf"; sourceTree = "<group>"; };
		1858D2402813DC3E007BFB6B /* Gordita Medium.otf */ = {isa = PBXFileReference; lastKnownFileType = file; path = "Gordita Medium.otf"; sourceTree = "<group>"; };
		1858D2412813DC3F007BFB6B /* Gordita Bold.otf */ = {isa = PBXFileReference; lastKnownFileType = file; path = "Gordita Bold.otf"; sourceTree = "<group>"; };
		1858D2462813E119007BFB6B /* UIViewExtension.swift */ = {isa = PBXFileReference; lastKnownFileType = sourcecode.swift; path = UIViewExtension.swift; sourceTree = "<group>"; };
		1858D2482813F76B007BFB6B /* HomeVideosCell.swift */ = {isa = PBXFileReference; lastKnownFileType = sourcecode.swift; path = HomeVideosCell.swift; sourceTree = "<group>"; };
		1858D2492813F76B007BFB6B /* HomeVideosCell.xib */ = {isa = PBXFileReference; lastKnownFileType = file.xib; path = HomeVideosCell.xib; sourceTree = "<group>"; };
		1858D24C2813FF2D007BFB6B /* HomeSpeakersCell.swift */ = {isa = PBXFileReference; lastKnownFileType = sourcecode.swift; path = HomeSpeakersCell.swift; sourceTree = "<group>"; };
		1858D24D2813FF2D007BFB6B /* HomeSpeakersCell.xib */ = {isa = PBXFileReference; lastKnownFileType = file.xib; path = HomeSpeakersCell.xib; sourceTree = "<group>"; };
		18B49FC52812BB4000360119 /* EventApp.app */ = {isa = PBXFileReference; explicitFileType = wrapper.application; includeInIndex = 0; path = EventApp.app; sourceTree = BUILT_PRODUCTS_DIR; };
		18B49FC82812BB4000360119 /* AppDelegate.swift */ = {isa = PBXFileReference; lastKnownFileType = sourcecode.swift; path = AppDelegate.swift; sourceTree = "<group>"; };
		18B49FCA2812BB4000360119 /* SceneDelegate.swift */ = {isa = PBXFileReference; lastKnownFileType = sourcecode.swift; path = SceneDelegate.swift; sourceTree = "<group>"; };
		18B49FCC2812BB4000360119 /* HomeVC.swift */ = {isa = PBXFileReference; lastKnownFileType = sourcecode.swift; path = HomeVC.swift; sourceTree = "<group>"; };
		18B49FCF2812BB4000360119 /* Base */ = {isa = PBXFileReference; lastKnownFileType = file.storyboard; name = Base; path = Base.lproj/Main.storyboard; sourceTree = "<group>"; };
		18B49FD12812BB4200360119 /* Assets.xcassets */ = {isa = PBXFileReference; lastKnownFileType = folder.assetcatalog; path = Assets.xcassets; sourceTree = "<group>"; };
		18B49FD42812BB4200360119 /* Base */ = {isa = PBXFileReference; lastKnownFileType = file.storyboard; name = Base; path = Base.lproj/LaunchScreen.storyboard; sourceTree = "<group>"; };
		18B49FD62812BB4200360119 /* Info.plist */ = {isa = PBXFileReference; lastKnownFileType = text.plist.xml; path = Info.plist; sourceTree = "<group>"; };
		18B49FDE2812C77000360119 /* R.generated.swift */ = {isa = PBXFileReference; fileEncoding = 4; lastKnownFileType = sourcecode.swift; path = R.generated.swift; sourceTree = SOURCE_ROOT; };
		18B49FE22812CA4D00360119 /* RemoteHelper.swift */ = {isa = PBXFileReference; lastKnownFileType = sourcecode.swift; path = RemoteHelper.swift; sourceTree = "<group>"; };
		18B49FE52812CB0D00360119 /* Constants.swift */ = {isa = PBXFileReference; lastKnownFileType = sourcecode.swift; path = Constants.swift; sourceTree = "<group>"; };
		18B49FE72812CCD800360119 /* Remote.swift */ = {isa = PBXFileReference; lastKnownFileType = sourcecode.swift; path = Remote.swift; sourceTree = "<group>"; };
		18DBB0ED28140ABA00C91443 /* NotificationsVC.swift */ = {isa = PBXFileReference; lastKnownFileType = sourcecode.swift; path = NotificationsVC.swift; sourceTree = "<group>"; };
		18DBB0EF28140ACC00C91443 /* NotificationsCell.swift */ = {isa = PBXFileReference; lastKnownFileType = sourcecode.swift; path = NotificationsCell.swift; sourceTree = "<group>"; };
		18DBB0F028140ACC00C91443 /* NotificationsCell.xib */ = {isa = PBXFileReference; lastKnownFileType = file.xib; path = NotificationsCell.xib; sourceTree = "<group>"; };
		18DBB0F428140AF200C91443 /* Other.storyboard */ = {isa = PBXFileReference; lastKnownFileType = file.storyboard; path = Other.storyboard; sourceTree = "<group>"; };
		5131318B8EB25EA1553D8959 /* Pods_EventApp.framework */ = {isa = PBXFileReference; explicitFileType = wrapper.framework; includeInIndex = 0; path = Pods_EventApp.framework; sourceTree = BUILT_PRODUCTS_DIR; };
		7AC110B9F57615C172F9FAA5 /* Pods-EventApp.debug.xcconfig */ = {isa = PBXFileReference; includeInIndex = 1; lastKnownFileType = text.xcconfig; name = "Pods-EventApp.debug.xcconfig"; path = "Target Support Files/Pods-EventApp/Pods-EventApp.debug.xcconfig"; sourceTree = "<group>"; };
/* End PBXFileReference section */

/* Begin PBXFrameworksBuildPhase section */
		18B49FC22812BB4000360119 /* Frameworks */ = {
			isa = PBXFrameworksBuildPhase;
			buildActionMask = 2147483647;
			files = (
				7038124A8A802E49CA91F836 /* Pods_EventApp.framework in Frameworks */,
			);
			runOnlyForDeploymentPostprocessing = 0;
		};
/* End PBXFrameworksBuildPhase section */

/* Begin PBXGroup section */
		1858D23A2813DB34007BFB6B /* Extensions */ = {
			isa = PBXGroup;
			children = (
				1858D23B2813DB44007BFB6B /* UIColorExtension.swift */,
				1858D2462813E119007BFB6B /* UIViewExtension.swift */,
			);
			path = Extensions;
			sourceTree = "<group>";
		};
		1858D23D2813DC32007BFB6B /* Fonts */ = {
			isa = PBXGroup;
			children = (
				1858D2412813DC3F007BFB6B /* Gordita Bold.otf */,
				1858D23F2813DC3E007BFB6B /* Gordita Light.otf */,
				1858D2402813DC3E007BFB6B /* Gordita Medium.otf */,
				1858D23E2813DC3E007BFB6B /* Gordita Regular.otf */,
			);
			path = Fonts;
			sourceTree = "<group>";
		};
		18B49FBC2812BB4000360119 = {
			isa = PBXGroup;
			children = (
				18B49FC72812BB4000360119 /* EventApp */,
				18B49FC62812BB4000360119 /* Products */,
				CD39D1DDA938107C885CC1E3 /* Pods */,
				955F94A4F412CCD1E599B5A1 /* Frameworks */,
			);
			sourceTree = "<group>";
		};
		18B49FC62812BB4000360119 /* Products */ = {
			isa = PBXGroup;
			children = (
				18B49FC52812BB4000360119 /* EventApp.app */,
			);
			name = Products;
			sourceTree = "<group>";
		};
		18B49FC72812BB4000360119 /* EventApp */ = {
			isa = PBXGroup;
			children = (
				18B49FEC2812D10D00360119 /* App */,
				18B49FE92812CFF900360119 /* Modules */,
				18B49FDD2812C76400360119 /* Resources */,
				18B49FE12812C94600360119 /* Networking */,
				18B49FEA2812D00B00360119 /* Models */,
				18B49FD62812BB4200360119 /* Info.plist */,
			);
			path = EventApp;
			sourceTree = "<group>";
		};
		18B49FDD2812C76400360119 /* Resources */ = {
			isa = PBXGroup;
			children = (
				1858D23D2813DC32007BFB6B /* Fonts */,
				1858D23A2813DB34007BFB6B /* Extensions */,
				18B49FD32812BB4200360119 /* LaunchScreen.storyboard */,
				18B49FD12812BB4200360119 /* Assets.xcassets */,
				18B49FDE2812C77000360119 /* R.generated.swift */,
				18B49FE52812CB0D00360119 /* Constants.swift */,
			);
			path = Resources;
			sourceTree = "<group>";
		};
		18B49FE02812C93E00360119 /* Remote */ = {
			isa = PBXGroup;
			children = (
				18B49FE22812CA4D00360119 /* RemoteHelper.swift */,
				18B49FE72812CCD800360119 /* Remote.swift */,
			);
			path = Remote;
			sourceTree = "<group>";
		};
		18B49FE12812C94600360119 /* Networking */ = {
			isa = PBXGroup;
			children = (
				18B49FE02812C93E00360119 /* Remote */,
			);
			path = Networking;
			sourceTree = "<group>";
		};
		18B49FE92812CFF900360119 /* Modules */ = {
			isa = PBXGroup;
			children = (
				18DBB0EC28140A9F00C91443 /* Notifications */,
				18DBB0EA281408E300C91443 /* Home */,
				18DBB0F428140AF200C91443 /* Other.storyboard */,
			);
			path = Modules;
			sourceTree = "<group>";
		};
		18B49FEA2812D00B00360119 /* Models */ = {
			isa = PBXGroup;
			children = (
			);
			path = Models;
			sourceTree = "<group>";
		};
		18B49FEC2812D10D00360119 /* App */ = {
			isa = PBXGroup;
			children = (
				18B49FC82812BB4000360119 /* AppDelegate.swift */,
				18B49FCA2812BB4000360119 /* SceneDelegate.swift */,
			);
			path = App;
			sourceTree = "<group>";
		};
		18DBB0EA281408E300C91443 /* Home */ = {
			isa = PBXGroup;
			children = (
				18DBB0EB281408E900C91443 /* Cell */,
				18B49FCE2812BB4000360119 /* Main.storyboard */,
				18B49FCC2812BB4000360119 /* HomeVC.swift */,
			);
			path = Home;
			sourceTree = "<group>";
		};
		18DBB0EB281408E900C91443 /* Cell */ = {
			isa = PBXGroup;
			children = (
				1858D2482813F76B007BFB6B /* HomeVideosCell.swift */,
				1858D2492813F76B007BFB6B /* HomeVideosCell.xib */,
				1858D24C2813FF2D007BFB6B /* HomeSpeakersCell.swift */,
				1858D24D2813FF2D007BFB6B /* HomeSpeakersCell.xib */,
			);
			path = Cell;
			sourceTree = "<group>";
		};
		18DBB0EC28140A9F00C91443 /* Notifications */ = {
			isa = PBXGroup;
			children = (
				18DBB0F328140AD300C91443 /* Cell */,
				18DBB0ED28140ABA00C91443 /* NotificationsVC.swift */,
			);
			path = Notifications;
			sourceTree = "<group>";
		};
		18DBB0F328140AD300C91443 /* Cell */ = {
			isa = PBXGroup;
			children = (
				18DBB0F028140ACC00C91443 /* NotificationsCell.xib */,
				18DBB0EF28140ACC00C91443 /* NotificationsCell.swift */,
			);
			path = Cell;
			sourceTree = "<group>";
		};
		955F94A4F412CCD1E599B5A1 /* Frameworks */ = {
			isa = PBXGroup;
			children = (
				5131318B8EB25EA1553D8959 /* Pods_EventApp.framework */,
			);
			name = Frameworks;
			sourceTree = "<group>";
		};
		CD39D1DDA938107C885CC1E3 /* Pods */ = {
			isa = PBXGroup;
			children = (
				7AC110B9F57615C172F9FAA5 /* Pods-EventApp.debug.xcconfig */,
				16A05B1AE0EE8B5D2837B018 /* Pods-EventApp.release.xcconfig */,
			);
			path = Pods;
			sourceTree = "<group>";
		};
/* End PBXGroup section */

/* Begin PBXNativeTarget section */
		18B49FC42812BB4000360119 /* EventApp */ = {
			isa = PBXNativeTarget;
			buildConfigurationList = 18B49FD92812BB4200360119 /* Build configuration list for PBXNativeTarget "EventApp" */;
			buildPhases = (
				C526A6E890929BB417CE313C /* [CP] Check Pods Manifest.lock */,
				18B49FDC2812C62A00360119 /* ShellScript */,
				18B49FC12812BB4000360119 /* Sources */,
				18B49FC22812BB4000360119 /* Frameworks */,
				18B49FC32812BB4000360119 /* Resources */,
				77449FDD8F8E82BC6FC22467 /* [CP] Embed Pods Frameworks */,
			);
			buildRules = (
			);
			dependencies = (
			);
			name = EventApp;
			productName = EventApp;
			productReference = 18B49FC52812BB4000360119 /* EventApp.app */;
			productType = "com.apple.product-type.application";
		};
/* End PBXNativeTarget section */

/* Begin PBXProject section */
		18B49FBD2812BB4000360119 /* Project object */ = {
			isa = PBXProject;
			attributes = {
				BuildIndependentTargetsInParallel = 1;
				LastSwiftUpdateCheck = 1330;
				LastUpgradeCheck = 1330;
				TargetAttributes = {
					18B49FC42812BB4000360119 = {
						CreatedOnToolsVersion = 13.3;
					};
				};
			};
			buildConfigurationList = 18B49FC02812BB4000360119 /* Build configuration list for PBXProject "EventApp" */;
			compatibilityVersion = "Xcode 13.0";
			developmentRegion = en;
			hasScannedForEncodings = 0;
			knownRegions = (
				en,
				Base,
			);
			mainGroup = 18B49FBC2812BB4000360119;
			productRefGroup = 18B49FC62812BB4000360119 /* Products */;
			projectDirPath = "";
			projectRoot = "";
			targets = (
				18B49FC42812BB4000360119 /* EventApp */,
			);
		};
/* End PBXProject section */

/* Begin PBXResourcesBuildPhase section */
		18B49FC32812BB4000360119 /* Resources */ = {
			isa = PBXResourcesBuildPhase;
			buildActionMask = 2147483647;
			files = (
				18DBB0F228140ACC00C91443 /* NotificationsCell.xib in Resources */,
				1858D24F2813FF2D007BFB6B /* HomeSpeakersCell.xib in Resources */,
				1858D2442813DC3F007BFB6B /* Gordita Medium.otf in Resources */,
				18DBB0F528140AF200C91443 /* Other.storyboard in Resources */,
				1858D2432813DC3F007BFB6B /* Gordita Light.otf in Resources */,
				18B49FD52812BB4200360119 /* LaunchScreen.storyboard in Resources */,
				18B49FD22812BB4200360119 /* Assets.xcassets in Resources */,
				1858D2422813DC3F007BFB6B /* Gordita Regular.otf in Resources */,
				1858D2452813DC3F007BFB6B /* Gordita Bold.otf in Resources */,
				1858D24B2813F76B007BFB6B /* HomeVideosCell.xib in Resources */,
				18B49FD02812BB4000360119 /* Main.storyboard in Resources */,
			);
			runOnlyForDeploymentPostprocessing = 0;
		};
/* End PBXResourcesBuildPhase section */

/* Begin PBXShellScriptBuildPhase section */
		18B49FDC2812C62A00360119 /* ShellScript */ = {
			isa = PBXShellScriptBuildPhase;
			alwaysOutOfDate = 1;
			buildActionMask = 2147483647;
			files = (
			);
			inputFileListPaths = (
			);
			inputPaths = (
			);
			outputFileListPaths = (
			);
			outputPaths = (
				$SRCROOT/R.generated.swift,
			);
			runOnlyForDeploymentPostprocessing = 0;
			shellPath = /bin/sh;
			shellScript = "# Type a script or drag a script file from your workspace to insert its path.\n\"$PODS_ROOT/R.swift/rswift\" generate \"$SRCROOT/R.generated.swift\"\n";
		};
		77449FDD8F8E82BC6FC22467 /* [CP] Embed Pods Frameworks */ = {
			isa = PBXShellScriptBuildPhase;
			buildActionMask = 2147483647;
			files = (
			);
			inputFileListPaths = (
				"${PODS_ROOT}/Target Support Files/Pods-EventApp/Pods-EventApp-frameworks-${CONFIGURATION}-input-files.xcfilelist",
			);
			name = "[CP] Embed Pods Frameworks";
			outputFileListPaths = (
				"${PODS_ROOT}/Target Support Files/Pods-EventApp/Pods-EventApp-frameworks-${CONFIGURATION}-output-files.xcfilelist",
			);
			runOnlyForDeploymentPostprocessing = 0;
			shellPath = /bin/sh;
			shellScript = "\"${PODS_ROOT}/Target Support Files/Pods-EventApp/Pods-EventApp-frameworks.sh\"\n";
			showEnvVarsInLog = 0;
		};
		C526A6E890929BB417CE313C /* [CP] Check Pods Manifest.lock */ = {
			isa = PBXShellScriptBuildPhase;
			buildActionMask = 2147483647;
			files = (
			);
			inputFileListPaths = (
			);
			inputPaths = (
				"${PODS_PODFILE_DIR_PATH}/Podfile.lock",
				"${PODS_ROOT}/Manifest.lock",
			);
			name = "[CP] Check Pods Manifest.lock";
			outputFileListPaths = (
			);
			outputPaths = (
				"$(DERIVED_FILE_DIR)/Pods-EventApp-checkManifestLockResult.txt",
			);
			runOnlyForDeploymentPostprocessing = 0;
			shellPath = /bin/sh;
			shellScript = "diff \"${PODS_PODFILE_DIR_PATH}/Podfile.lock\" \"${PODS_ROOT}/Manifest.lock\" > /dev/null\nif [ $? != 0 ] ; then\n    # print error to STDERR\n    echo \"error: The sandbox is not in sync with the Podfile.lock. Run 'pod install' or update your CocoaPods installation.\" >&2\n    exit 1\nfi\n# This output is used by Xcode 'outputs' to avoid re-running this script phase.\necho \"SUCCESS\" > \"${SCRIPT_OUTPUT_FILE_0}\"\n";
			showEnvVarsInLog = 0;
		};
/* End PBXShellScriptBuildPhase section */

/* Begin PBXSourcesBuildPhase section */
		18B49FC12812BB4000360119 /* Sources */ = {
			isa = PBXSourcesBuildPhase;
			buildActionMask = 2147483647;
			files = (
				18B49FCD2812BB4000360119 /* HomeVC.swift in Sources */,
				18B49FC92812BB4000360119 /* AppDelegate.swift in Sources */,
				18B49FE32812CA4D00360119 /* RemoteHelper.swift in Sources */,
				1858D23C2813DB44007BFB6B /* UIColorExtension.swift in Sources */,
				18B49FE82812CCD800360119 /* Remote.swift in Sources */,
				18B49FCB2812BB4000360119 /* SceneDelegate.swift in Sources */,
				1858D24E2813FF2D007BFB6B /* HomeSpeakersCell.swift in Sources */,
				18DBB0EE28140ABA00C91443 /* NotificationsVC.swift in Sources */,
				1858D24A2813F76B007BFB6B /* HomeVideosCell.swift in Sources */,
				1858D2472813E119007BFB6B /* UIViewExtension.swift in Sources */,
				18DBB0F128140ACC00C91443 /* NotificationsCell.swift in Sources */,
				18B49FDF2812C77000360119 /* R.generated.swift in Sources */,
				18B49FE62812CB0D00360119 /* Constants.swift in Sources */,
			);
			runOnlyForDeploymentPostprocessing = 0;
		};
/* End PBXSourcesBuildPhase section */

/* Begin PBXVariantGroup section */
		18B49FCE2812BB4000360119 /* Main.storyboard */ = {
			isa = PBXVariantGroup;
			children = (
				18B49FCF2812BB4000360119 /* Base */,
			);
			name = Main.storyboard;
			sourceTree = "<group>";
		};
		18B49FD32812BB4200360119 /* LaunchScreen.storyboard */ = {
			isa = PBXVariantGroup;
			children = (
				18B49FD42812BB4200360119 /* Base */,
			);
			name = LaunchScreen.storyboard;
			sourceTree = "<group>";
		};
/* End PBXVariantGroup section */

/* Begin XCBuildConfiguration section */
		18B49FD72812BB4200360119 /* Debug */ = {
			isa = XCBuildConfiguration;
			buildSettings = {
				ALWAYS_SEARCH_USER_PATHS = NO;
				CLANG_ANALYZER_NONNULL = YES;
				CLANG_ANALYZER_NUMBER_OBJECT_CONVERSION = YES_AGGRESSIVE;
				CLANG_CXX_LANGUAGE_STANDARD = "gnu++17";
				CLANG_ENABLE_MODULES = YES;
				CLANG_ENABLE_OBJC_ARC = YES;
				CLANG_ENABLE_OBJC_WEAK = YES;
				CLANG_WARN_BLOCK_CAPTURE_AUTORELEASING = YES;
				CLANG_WARN_BOOL_CONVERSION = YES;
				CLANG_WARN_COMMA = YES;
				CLANG_WARN_CONSTANT_CONVERSION = YES;
				CLANG_WARN_DEPRECATED_OBJC_IMPLEMENTATIONS = YES;
				CLANG_WARN_DIRECT_OBJC_ISA_USAGE = YES_ERROR;
				CLANG_WARN_DOCUMENTATION_COMMENTS = YES;
				CLANG_WARN_EMPTY_BODY = YES;
				CLANG_WARN_ENUM_CONVERSION = YES;
				CLANG_WARN_INFINITE_RECURSION = YES;
				CLANG_WARN_INT_CONVERSION = YES;
				CLANG_WARN_NON_LITERAL_NULL_CONVERSION = YES;
				CLANG_WARN_OBJC_IMPLICIT_RETAIN_SELF = YES;
				CLANG_WARN_OBJC_LITERAL_CONVERSION = YES;
				CLANG_WARN_OBJC_ROOT_CLASS = YES_ERROR;
				CLANG_WARN_QUOTED_INCLUDE_IN_FRAMEWORK_HEADER = YES;
				CLANG_WARN_RANGE_LOOP_ANALYSIS = YES;
				CLANG_WARN_STRICT_PROTOTYPES = YES;
				CLANG_WARN_SUSPICIOUS_MOVE = YES;
				CLANG_WARN_UNGUARDED_AVAILABILITY = YES_AGGRESSIVE;
				CLANG_WARN_UNREACHABLE_CODE = YES;
				CLANG_WARN__DUPLICATE_METHOD_MATCH = YES;
				COPY_PHASE_STRIP = NO;
				DEBUG_INFORMATION_FORMAT = dwarf;
				ENABLE_STRICT_OBJC_MSGSEND = YES;
				ENABLE_TESTABILITY = YES;
				GCC_C_LANGUAGE_STANDARD = gnu11;
				GCC_DYNAMIC_NO_PIC = NO;
				GCC_NO_COMMON_BLOCKS = YES;
				GCC_OPTIMIZATION_LEVEL = 0;
				GCC_PREPROCESSOR_DEFINITIONS = (
					"DEBUG=1",
					"$(inherited)",
				);
				GCC_WARN_64_TO_32_BIT_CONVERSION = YES;
				GCC_WARN_ABOUT_RETURN_TYPE = YES_ERROR;
				GCC_WARN_UNDECLARED_SELECTOR = YES;
				GCC_WARN_UNINITIALIZED_AUTOS = YES_AGGRESSIVE;
				GCC_WARN_UNUSED_FUNCTION = YES;
				GCC_WARN_UNUSED_VARIABLE = YES;
				IPHONEOS_DEPLOYMENT_TARGET = 15.4;
				MTL_ENABLE_DEBUG_INFO = INCLUDE_SOURCE;
				MTL_FAST_MATH = YES;
				ONLY_ACTIVE_ARCH = YES;
				SDKROOT = iphoneos;
				SWIFT_ACTIVE_COMPILATION_CONDITIONS = DEBUG;
				SWIFT_OPTIMIZATION_LEVEL = "-Onone";
			};
			name = Debug;
		};
		18B49FD82812BB4200360119 /* Release */ = {
			isa = XCBuildConfiguration;
			buildSettings = {
				ALWAYS_SEARCH_USER_PATHS = NO;
				CLANG_ANALYZER_NONNULL = YES;
				CLANG_ANALYZER_NUMBER_OBJECT_CONVERSION = YES_AGGRESSIVE;
				CLANG_CXX_LANGUAGE_STANDARD = "gnu++17";
				CLANG_ENABLE_MODULES = YES;
				CLANG_ENABLE_OBJC_ARC = YES;
				CLANG_ENABLE_OBJC_WEAK = YES;
				CLANG_WARN_BLOCK_CAPTURE_AUTORELEASING = YES;
				CLANG_WARN_BOOL_CONVERSION = YES;
				CLANG_WARN_COMMA = YES;
				CLANG_WARN_CONSTANT_CONVERSION = YES;
				CLANG_WARN_DEPRECATED_OBJC_IMPLEMENTATIONS = YES;
				CLANG_WARN_DIRECT_OBJC_ISA_USAGE = YES_ERROR;
				CLANG_WARN_DOCUMENTATION_COMMENTS = YES;
				CLANG_WARN_EMPTY_BODY = YES;
				CLANG_WARN_ENUM_CONVERSION = YES;
				CLANG_WARN_INFINITE_RECURSION = YES;
				CLANG_WARN_INT_CONVERSION = YES;
				CLANG_WARN_NON_LITERAL_NULL_CONVERSION = YES;
				CLANG_WARN_OBJC_IMPLICIT_RETAIN_SELF = YES;
				CLANG_WARN_OBJC_LITERAL_CONVERSION = YES;
				CLANG_WARN_OBJC_ROOT_CLASS = YES_ERROR;
				CLANG_WARN_QUOTED_INCLUDE_IN_FRAMEWORK_HEADER = YES;
				CLANG_WARN_RANGE_LOOP_ANALYSIS = YES;
				CLANG_WARN_STRICT_PROTOTYPES = YES;
				CLANG_WARN_SUSPICIOUS_MOVE = YES;
				CLANG_WARN_UNGUARDED_AVAILABILITY = YES_AGGRESSIVE;
				CLANG_WARN_UNREACHABLE_CODE = YES;
				CLANG_WARN__DUPLICATE_METHOD_MATCH = YES;
				COPY_PHASE_STRIP = NO;
				DEBUG_INFORMATION_FORMAT = "dwarf-with-dsym";
				ENABLE_NS_ASSERTIONS = NO;
				ENABLE_STRICT_OBJC_MSGSEND = YES;
				GCC_C_LANGUAGE_STANDARD = gnu11;
				GCC_NO_COMMON_BLOCKS = YES;
				GCC_WARN_64_TO_32_BIT_CONVERSION = YES;
				GCC_WARN_ABOUT_RETURN_TYPE = YES_ERROR;
				GCC_WARN_UNDECLARED_SELECTOR = YES;
				GCC_WARN_UNINITIALIZED_AUTOS = YES_AGGRESSIVE;
				GCC_WARN_UNUSED_FUNCTION = YES;
				GCC_WARN_UNUSED_VARIABLE = YES;
				IPHONEOS_DEPLOYMENT_TARGET = 15.4;
				MTL_ENABLE_DEBUG_INFO = NO;
				MTL_FAST_MATH = YES;
				SDKROOT = iphoneos;
				SWIFT_COMPILATION_MODE = wholemodule;
				SWIFT_OPTIMIZATION_LEVEL = "-O";
				VALIDATE_PRODUCT = YES;
			};
			name = Release;
		};
		18B49FDA2812BB4200360119 /* Debug */ = {
			isa = XCBuildConfiguration;
			baseConfigurationReference = 7AC110B9F57615C172F9FAA5 /* Pods-EventApp.debug.xcconfig */;
			buildSettings = {
				ASSETCATALOG_COMPILER_APPICON_NAME = AppIcon;
				ASSETCATALOG_COMPILER_GLOBAL_ACCENT_COLOR_NAME = AccentColor;
				CODE_SIGN_STYLE = Automatic;
				CURRENT_PROJECT_VERSION = 1;
				GENERATE_INFOPLIST_FILE = YES;
				INFOPLIST_FILE = EventApp/Info.plist;
				INFOPLIST_KEY_UIApplicationSupportsIndirectInputEvents = YES;
				INFOPLIST_KEY_UILaunchStoryboardName = LaunchScreen;
				INFOPLIST_KEY_UIMainStoryboardFile = Main;
				INFOPLIST_KEY_UISupportedInterfaceOrientations_iPad = "UIInterfaceOrientationPortrait UIInterfaceOrientationPortraitUpsideDown UIInterfaceOrientationLandscapeLeft UIInterfaceOrientationLandscapeRight";
				INFOPLIST_KEY_UISupportedInterfaceOrientations_iPhone = "UIInterfaceOrientationPortrait UIInterfaceOrientationLandscapeLeft UIInterfaceOrientationLandscapeRight";
				LD_RUNPATH_SEARCH_PATHS = (
					"$(inherited)",
					"@executable_path/Frameworks",
				);
				MARKETING_VERSION = 1.0;
				PRODUCT_BUNDLE_IDENTIFIER = com.eventapp.start.EventApp;
				PRODUCT_NAME = "$(TARGET_NAME)";
				SWIFT_EMIT_LOC_STRINGS = YES;
				SWIFT_VERSION = 5.0;
				TARGETED_DEVICE_FAMILY = "1,2";
			};
			name = Debug;
		};
		18B49FDB2812BB4200360119 /* Release */ = {
			isa = XCBuildConfiguration;
			baseConfigurationReference = 16A05B1AE0EE8B5D2837B018 /* Pods-EventApp.release.xcconfig */;
			buildSettings = {
				ASSETCATALOG_COMPILER_APPICON_NAME = AppIcon;
				ASSETCATALOG_COMPILER_GLOBAL_ACCENT_COLOR_NAME = AccentColor;
				CODE_SIGN_STYLE = Automatic;
				CURRENT_PROJECT_VERSION = 1;
				GENERATE_INFOPLIST_FILE = YES;
				INFOPLIST_FILE = EventApp/Info.plist;
				INFOPLIST_KEY_UIApplicationSupportsIndirectInputEvents = YES;
				INFOPLIST_KEY_UILaunchStoryboardName = LaunchScreen;
				INFOPLIST_KEY_UIMainStoryboardFile = Main;
				INFOPLIST_KEY_UISupportedInterfaceOrientations_iPad = "UIInterfaceOrientationPortrait UIInterfaceOrientationPortraitUpsideDown UIInterfaceOrientationLandscapeLeft UIInterfaceOrientationLandscapeRight";
				INFOPLIST_KEY_UISupportedInterfaceOrientations_iPhone = "UIInterfaceOrientationPortrait UIInterfaceOrientationLandscapeLeft UIInterfaceOrientationLandscapeRight";
				LD_RUNPATH_SEARCH_PATHS = (
					"$(inherited)",
					"@executable_path/Frameworks",
				);
				MARKETING_VERSION = 1.0;
				PRODUCT_BUNDLE_IDENTIFIER = com.eventapp.start.EventApp;
				PRODUCT_NAME = "$(TARGET_NAME)";
				SWIFT_EMIT_LOC_STRINGS = YES;
				SWIFT_VERSION = 5.0;
				TARGETED_DEVICE_FAMILY = "1,2";
			};
			name = Release;
		};
/* End XCBuildConfiguration section */

/* Begin XCConfigurationList section */
		18B49FC02812BB4000360119 /* Build configuration list for PBXProject "EventApp" */ = {
			isa = XCConfigurationList;
			buildConfigurations = (
				18B49FD72812BB4200360119 /* Debug */,
				18B49FD82812BB4200360119 /* Release */,
			);
			defaultConfigurationIsVisible = 0;
			defaultConfigurationName = Release;
		};
		18B49FD92812BB4200360119 /* Build configuration list for PBXNativeTarget "EventApp" */ = {
			isa = XCConfigurationList;
			buildConfigurations = (
				18B49FDA2812BB4200360119 /* Debug */,
				18B49FDB2812BB4200360119 /* Release */,
			);
			defaultConfigurationIsVisible = 0;
			defaultConfigurationName = Release;
		};
/* End XCConfigurationList section */
	};
	rootObject = 18B49FBD2812BB4000360119 /* Project object */;
}
